// !$*UTF8*$!
{
	archiveVersion = 1;
	classes = {
	};
	objectVersion = 51;
	objects = {

/* Begin PBXBuildFile section */
		0C7312E36446F98390400083 /* Pods_IntagramClone.framework in Frameworks */ = {isa = PBXBuildFile; fileRef = 76384EC731065A198B14B0C2 /* Pods_IntagramClone.framework */; };
		D82353BA25A468570097861A /* GoogleService-Info.plist in Resources */ = {isa = PBXBuildFile; fileRef = D82353B925A468570097861A /* GoogleService-Info.plist */; };
		D862526625B049F000C7F4B1 /* PhotoPickerCell.swift in Sources */ = {isa = PBXBuildFile; fileRef = D862526525B049F000C7F4B1 /* PhotoPickerCell.swift */; };
		D862526925B04EC300C7F4B1 /* ImagePickerHeader.swift in Sources */ = {isa = PBXBuildFile; fileRef = D862526825B04EC300C7F4B1 /* ImagePickerHeader.swift */; };
		D862526C25B0562900C7F4B1 /* SharePhotoController.swift in Sources */ = {isa = PBXBuildFile; fileRef = D862526B25B0562900C7F4B1 /* SharePhotoController.swift */; };
		D86B164225B59B78003A95C6 /* Post.swift in Sources */ = {isa = PBXBuildFile; fileRef = D86B164125B59B78003A95C6 /* Post.swift */; };
		D86B164525B59DC9003A95C6 /* UserPostPhotoCell.swift in Sources */ = {isa = PBXBuildFile; fileRef = D86B164425B59DC9003A95C6 /* UserPostPhotoCell.swift */; };
		D86B164925B5A6C8003A95C6 /* MainPageViewController.swift in Sources */ = {isa = PBXBuildFile; fileRef = D86B164825B5A6C8003A95C6 /* MainPageViewController.swift */; };
		D86B164D25B5A884003A95C6 /* MainPagePostCell.swift in Sources */ = {isa = PBXBuildFile; fileRef = D86B164C25B5A884003A95C6 /* MainPagePostCell.swift */; };
		D876865725AB1E5300E8ADC1 /* LoginViewController.swift in Sources */ = {isa = PBXBuildFile; fileRef = D876865625AB1E5300E8ADC1 /* LoginViewController.swift */; };
		D89D602125BADC16007E32A2 /* SearchUserController.swift in Sources */ = {isa = PBXBuildFile; fileRef = D89D602025BADC16007E32A2 /* SearchUserController.swift */; };
		D89D602525BADF4A007E32A2 /* SearchUserCell.swift in Sources */ = {isa = PBXBuildFile; fileRef = D89D602425BADF4A007E32A2 /* SearchUserCell.swift */; };
		D8CEC20A25A3950C00FBE20C /* AppDelegate.swift in Sources */ = {isa = PBXBuildFile; fileRef = D8CEC20925A3950C00FBE20C /* AppDelegate.swift */; };
		D8CEC20C25A3950C00FBE20C /* SceneDelegate.swift in Sources */ = {isa = PBXBuildFile; fileRef = D8CEC20B25A3950C00FBE20C /* SceneDelegate.swift */; };
		D8CEC20E25A3950C00FBE20C /* RegisterViewController.swift in Sources */ = {isa = PBXBuildFile; fileRef = D8CEC20D25A3950C00FBE20C /* RegisterViewController.swift */; };
		D8CEC21125A3950C00FBE20C /* Main.storyboard in Resources */ = {isa = PBXBuildFile; fileRef = D8CEC20F25A3950C00FBE20C /* Main.storyboard */; };
		D8CEC21325A3950F00FBE20C /* Assets.xcassets in Resources */ = {isa = PBXBuildFile; fileRef = D8CEC21225A3950F00FBE20C /* Assets.xcassets */; };
		D8CEC21625A3950F00FBE20C /* LaunchScreen.storyboard in Resources */ = {isa = PBXBuildFile; fileRef = D8CEC21425A3950F00FBE20C /* LaunchScreen.storyboard */; };
		D8CEC22025A39C1000FBE20C /* ColorExtension.swift in Sources */ = {isa = PBXBuildFile; fileRef = D8CEC21F25A39C1000FBE20C /* ColorExtension.swift */; };
		D8DF0CFA25A9EBE000BFE236 /* MainTabBarController.swift in Sources */ = {isa = PBXBuildFile; fileRef = D8DF0CF925A9EBE000BFE236 /* MainTabBarController.swift */; };
		D8DF0CFD25A9ECA100BFE236 /* UserProfileViewController.swift in Sources */ = {isa = PBXBuildFile; fileRef = D8DF0CFC25A9ECA100BFE236 /* UserProfileViewController.swift */; };
		D8DF0D0125A9F24600BFE236 /* UserProfileHeader.swift in Sources */ = {isa = PBXBuildFile; fileRef = D8DF0D0025A9F24600BFE236 /* UserProfileHeader.swift */; };
		D8E59F4025AC55CE00815FF1 /* PhotoPickerController.swift in Sources */ = {isa = PBXBuildFile; fileRef = D8E59F3F25AC55CE00815FF1 /* PhotoPickerController.swift */; };
		D8E7B61325A9F690007F86CD /* User.swift in Sources */ = {isa = PBXBuildFile; fileRef = D8E7B61225A9F690007F86CD /* User.swift */; };
/* End PBXBuildFile section */

/* Begin PBXFileReference section */
		76384EC731065A198B14B0C2 /* Pods_IntagramClone.framework */ = {isa = PBXFileReference; explicitFileType = wrapper.framework; includeInIndex = 0; path = Pods_IntagramClone.framework; sourceTree = BUILT_PRODUCTS_DIR; };
		8CA80056D0BC8660668CDFDA /* Pods-IntagramClone.release.xcconfig */ = {isa = PBXFileReference; includeInIndex = 1; lastKnownFileType = text.xcconfig; name = "Pods-IntagramClone.release.xcconfig"; path = "Target Support Files/Pods-IntagramClone/Pods-IntagramClone.release.xcconfig"; sourceTree = "<group>"; };
		D82353B925A468570097861A /* GoogleService-Info.plist */ = {isa = PBXFileReference; fileEncoding = 4; lastKnownFileType = text.plist.xml; path = "GoogleService-Info.plist"; sourceTree = "<group>"; };
		D862526525B049F000C7F4B1 /* PhotoPickerCell.swift */ = {isa = PBXFileReference; lastKnownFileType = sourcecode.swift; path = PhotoPickerCell.swift; sourceTree = "<group>"; };
		D862526825B04EC300C7F4B1 /* ImagePickerHeader.swift */ = {isa = PBXFileReference; lastKnownFileType = sourcecode.swift; path = ImagePickerHeader.swift; sourceTree = "<group>"; };
		D862526B25B0562900C7F4B1 /* SharePhotoController.swift */ = {isa = PBXFileReference; lastKnownFileType = sourcecode.swift; path = SharePhotoController.swift; sourceTree = "<group>"; };
		D86B164125B59B78003A95C6 /* Post.swift */ = {isa = PBXFileReference; lastKnownFileType = sourcecode.swift; path = Post.swift; sourceTree = "<group>"; };
		D86B164425B59DC9003A95C6 /* UserPostPhotoCell.swift */ = {isa = PBXFileReference; lastKnownFileType = sourcecode.swift; path = UserPostPhotoCell.swift; sourceTree = "<group>"; };
		D86B164825B5A6C8003A95C6 /* MainPageViewController.swift */ = {isa = PBXFileReference; lastKnownFileType = sourcecode.swift; path = MainPageViewController.swift; sourceTree = "<group>"; };
		D86B164C25B5A884003A95C6 /* MainPagePostCell.swift */ = {isa = PBXFileReference; lastKnownFileType = sourcecode.swift; path = MainPagePostCell.swift; sourceTree = "<group>"; };
		D876865625AB1E5300E8ADC1 /* LoginViewController.swift */ = {isa = PBXFileReference; lastKnownFileType = sourcecode.swift; path = LoginViewController.swift; sourceTree = "<group>"; };
		D89D602025BADC16007E32A2 /* SearchUserController.swift */ = {isa = PBXFileReference; lastKnownFileType = sourcecode.swift; path = SearchUserController.swift; sourceTree = "<group>"; };
		D89D602425BADF4A007E32A2 /* SearchUserCell.swift */ = {isa = PBXFileReference; lastKnownFileType = sourcecode.swift; path = SearchUserCell.swift; sourceTree = "<group>"; };
		D8CEC20625A3950C00FBE20C /* IntagramClone.app */ = {isa = PBXFileReference; explicitFileType = wrapper.application; includeInIndex = 0; path = IntagramClone.app; sourceTree = BUILT_PRODUCTS_DIR; };
		D8CEC20925A3950C00FBE20C /* AppDelegate.swift */ = {isa = PBXFileReference; lastKnownFileType = sourcecode.swift; path = AppDelegate.swift; sourceTree = "<group>"; };
		D8CEC20B25A3950C00FBE20C /* SceneDelegate.swift */ = {isa = PBXFileReference; lastKnownFileType = sourcecode.swift; path = SceneDelegate.swift; sourceTree = "<group>"; };
		D8CEC20D25A3950C00FBE20C /* RegisterViewController.swift */ = {isa = PBXFileReference; lastKnownFileType = sourcecode.swift; path = RegisterViewController.swift; sourceTree = "<group>"; };
		D8CEC21025A3950C00FBE20C /* Base */ = {isa = PBXFileReference; lastKnownFileType = file.storyboard; name = Base; path = Base.lproj/Main.storyboard; sourceTree = "<group>"; };
		D8CEC21225A3950F00FBE20C /* Assets.xcassets */ = {isa = PBXFileReference; lastKnownFileType = folder.assetcatalog; path = Assets.xcassets; sourceTree = "<group>"; };
		D8CEC21525A3950F00FBE20C /* Base */ = {isa = PBXFileReference; lastKnownFileType = file.storyboard; name = Base; path = Base.lproj/LaunchScreen.storyboard; sourceTree = "<group>"; };
		D8CEC21725A3950F00FBE20C /* Info.plist */ = {isa = PBXFileReference; lastKnownFileType = text.plist.xml; path = Info.plist; sourceTree = "<group>"; };
		D8CEC21F25A39C1000FBE20C /* ColorExtension.swift */ = {isa = PBXFileReference; lastKnownFileType = sourcecode.swift; path = ColorExtension.swift; sourceTree = "<group>"; };
		D8DF0CF925A9EBE000BFE236 /* MainTabBarController.swift */ = {isa = PBXFileReference; lastKnownFileType = sourcecode.swift; path = MainTabBarController.swift; sourceTree = "<group>"; };
		D8DF0CFC25A9ECA100BFE236 /* UserProfileViewController.swift */ = {isa = PBXFileReference; lastKnownFileType = sourcecode.swift; path = UserProfileViewController.swift; sourceTree = "<group>"; };
		D8DF0D0025A9F24600BFE236 /* UserProfileHeader.swift */ = {isa = PBXFileReference; lastKnownFileType = sourcecode.swift; path = UserProfileHeader.swift; sourceTree = "<group>"; };
		D8E59F3F25AC55CE00815FF1 /* PhotoPickerController.swift */ = {isa = PBXFileReference; lastKnownFileType = sourcecode.swift; path = PhotoPickerController.swift; sourceTree = "<group>"; };
		D8E7B61225A9F690007F86CD /* User.swift */ = {isa = PBXFileReference; lastKnownFileType = sourcecode.swift; path = User.swift; sourceTree = "<group>"; };
		FF2E137FC11229626628AB25 /* Pods-IntagramClone.debug.xcconfig */ = {isa = PBXFileReference; includeInIndex = 1; lastKnownFileType = text.xcconfig; name = "Pods-IntagramClone.debug.xcconfig"; path = "Target Support Files/Pods-IntagramClone/Pods-IntagramClone.debug.xcconfig"; sourceTree = "<group>"; };
/* End PBXFileReference section */

/* Begin PBXFrameworksBuildPhase section */
		D8CEC20325A3950C00FBE20C /* Frameworks */ = {
			isa = PBXFrameworksBuildPhase;
			buildActionMask = 2147483647;
			files = (
				0C7312E36446F98390400083 /* Pods_IntagramClone.framework in Frameworks */,
			);
			runOnlyForDeploymentPostprocessing = 0;
		};
/* End PBXFrameworksBuildPhase section */

/* Begin PBXGroup section */
		62571F3AF057C37BB178838E /* Pods */ = {
			isa = PBXGroup;
			children = (
				FF2E137FC11229626628AB25 /* Pods-IntagramClone.debug.xcconfig */,
				8CA80056D0BC8660668CDFDA /* Pods-IntagramClone.release.xcconfig */,
			);
			path = Pods;
			sourceTree = "<group>";
		};
		D404DDB22D48A4279636C603 /* Frameworks */ = {
			isa = PBXGroup;
			children = (
				76384EC731065A198B14B0C2 /* Pods_IntagramClone.framework */,
			);
			name = Frameworks;
			sourceTree = "<group>";
		};
		D86B164725B5A6AD003A95C6 /* Main */ = {
			isa = PBXGroup;
			children = (
				D86B164825B5A6C8003A95C6 /* MainPageViewController.swift */,
				D86B164C25B5A884003A95C6 /* MainPagePostCell.swift */,
			);
			path = Main;
			sourceTree = "<group>";
		};
		D89D601F25BADBF6007E32A2 /* Search User */ = {
			isa = PBXGroup;
			children = (
				D89D602025BADC16007E32A2 /* SearchUserController.swift */,
				D89D602425BADF4A007E32A2 /* SearchUserCell.swift */,
			);
			path = "Search User";
			sourceTree = "<group>";
		};
		D8CEC1FD25A3950C00FBE20C = {
			isa = PBXGroup;
			children = (
				D8CEC20825A3950C00FBE20C /* IntagramClone */,
				D8CEC20725A3950C00FBE20C /* Products */,
				62571F3AF057C37BB178838E /* Pods */,
				D404DDB22D48A4279636C603 /* Frameworks */,
			);
			sourceTree = "<group>";
		};
		D8CEC20725A3950C00FBE20C /* Products */ = {
			isa = PBXGroup;
			children = (
				D8CEC20625A3950C00FBE20C /* IntagramClone.app */,
			);
			name = Products;
			sourceTree = "<group>";
		};
		D8CEC20825A3950C00FBE20C /* IntagramClone */ = {
			isa = PBXGroup;
			children = (
				D89D601F25BADBF6007E32A2 /* Search User */,
				D86B164725B5A6AD003A95C6 /* Main */,
				D8E59F3E25AC551300815FF1 /* Add Photo */,
				D8E7B61125A9F681007F86CD /* Model */,
				D8DF0CFF25A9F22A00BFE236 /* UserProfile */,
				D8CEC21E25A39BE900FBE20C /* Helpers */,
				D8CEC20925A3950C00FBE20C /* AppDelegate.swift */,
				D8CEC20B25A3950C00FBE20C /* SceneDelegate.swift */,
				D8CEC20D25A3950C00FBE20C /* RegisterViewController.swift */,
				D8CEC20F25A3950C00FBE20C /* Main.storyboard */,
				D8CEC21225A3950F00FBE20C /* Assets.xcassets */,
				D8CEC21425A3950F00FBE20C /* LaunchScreen.storyboard */,
				D82353B925A468570097861A /* GoogleService-Info.plist */,
				D8CEC21725A3950F00FBE20C /* Info.plist */,
				D8DF0CF925A9EBE000BFE236 /* MainTabBarController.swift */,
				D876865625AB1E5300E8ADC1 /* LoginViewController.swift */,
			);
			path = IntagramClone;
			sourceTree = "<group>";
		};
		D8CEC21E25A39BE900FBE20C /* Helpers */ = {
			isa = PBXGroup;
			children = (
				D8CEC21F25A39C1000FBE20C /* ColorExtension.swift */,
			);
			path = Helpers;
			sourceTree = "<group>";
		};
		D8DF0CFF25A9F22A00BFE236 /* UserProfile */ = {
			isa = PBXGroup;
			children = (
				D8DF0CFC25A9ECA100BFE236 /* UserProfileViewController.swift */,
				D8DF0D0025A9F24600BFE236 /* UserProfileHeader.swift */,
				D86B164425B59DC9003A95C6 /* UserPostPhotoCell.swift */,
			);
			path = UserProfile;
			sourceTree = "<group>";
		};
		D8E59F3E25AC551300815FF1 /* Add Photo */ = {
			isa = PBXGroup;
			children = (
				D8E59F3F25AC55CE00815FF1 /* PhotoPickerController.swift */,
				D862526525B049F000C7F4B1 /* PhotoPickerCell.swift */,
				D862526825B04EC300C7F4B1 /* ImagePickerHeader.swift */,
				D862526B25B0562900C7F4B1 /* SharePhotoController.swift */,
			);
			path = "Add Photo";
			sourceTree = "<group>";
		};
		D8E7B61125A9F681007F86CD /* Model */ = {
			isa = PBXGroup;
			children = (
				D8E7B61225A9F690007F86CD /* User.swift */,
				D86B164125B59B78003A95C6 /* Post.swift */,
			);
			path = Model;
			sourceTree = "<group>";
		};
/* End PBXGroup section */

/* Begin PBXNativeTarget section */
		D8CEC20525A3950C00FBE20C /* IntagramClone */ = {
			isa = PBXNativeTarget;
			buildConfigurationList = D8CEC21A25A3950F00FBE20C /* Build configuration list for PBXNativeTarget "IntagramClone" */;
			buildPhases = (
				7FF78168315EDDC36A05A277 /* [CP] Check Pods Manifest.lock */,
				D8CEC20225A3950C00FBE20C /* Sources */,
				D8CEC20325A3950C00FBE20C /* Frameworks */,
				D8CEC20425A3950C00FBE20C /* Resources */,
				929ABC6499E85A301ECB4E76 /* [CP] Embed Pods Frameworks */,
			);
			buildRules = (
			);
			dependencies = (
			);
			name = IntagramClone;
			productName = IntagramClone;
			productReference = D8CEC20625A3950C00FBE20C /* IntagramClone.app */;
			productType = "com.apple.product-type.application";
		};
/* End PBXNativeTarget section */

/* Begin PBXProject section */
		D8CEC1FE25A3950C00FBE20C /* Project object */ = {
			isa = PBXProject;
			attributes = {
				LastSwiftUpdateCheck = 1230;
				LastUpgradeCheck = 1230;
				TargetAttributes = {
					D8CEC20525A3950C00FBE20C = {
						CreatedOnToolsVersion = 12.3;
					};
				};
			};
			buildConfigurationList = D8CEC20125A3950C00FBE20C /* Build configuration list for PBXProject "IntagramClone" */;
			compatibilityVersion = "Xcode 9.3";
			developmentRegion = en;
			hasScannedForEncodings = 0;
			knownRegions = (
				en,
				Base,
			);
			mainGroup = D8CEC1FD25A3950C00FBE20C;
			productRefGroup = D8CEC20725A3950C00FBE20C /* Products */;
			projectDirPath = "";
			projectRoot = "";
			targets = (
				D8CEC20525A3950C00FBE20C /* IntagramClone */,
			);
		};
/* End PBXProject section */

/* Begin PBXResourcesBuildPhase section */
		D8CEC20425A3950C00FBE20C /* Resources */ = {
			isa = PBXResourcesBuildPhase;
			buildActionMask = 2147483647;
			files = (
				D8CEC21625A3950F00FBE20C /* LaunchScreen.storyboard in Resources */,
				D82353BA25A468570097861A /* GoogleService-Info.plist in Resources */,
				D8CEC21325A3950F00FBE20C /* Assets.xcassets in Resources */,
				D8CEC21125A3950C00FBE20C /* Main.storyboard in Resources */,
			);
			runOnlyForDeploymentPostprocessing = 0;
		};
/* End PBXResourcesBuildPhase section */

/* Begin PBXShellScriptBuildPhase section */
		7FF78168315EDDC36A05A277 /* [CP] Check Pods Manifest.lock */ = {
			isa = PBXShellScriptBuildPhase;
			buildActionMask = 2147483647;
			files = (
			);
			inputFileListPaths = (
			);
			inputPaths = (
				"${PODS_PODFILE_DIR_PATH}/Podfile.lock",
				"${PODS_ROOT}/Manifest.lock",
			);
			name = "[CP] Check Pods Manifest.lock";
			outputFileListPaths = (
			);
			outputPaths = (
				"$(DERIVED_FILE_DIR)/Pods-IntagramClone-checkManifestLockResult.txt",
			);
			runOnlyForDeploymentPostprocessing = 0;
			shellPath = /bin/sh;
			shellScript = "diff \"${PODS_PODFILE_DIR_PATH}/Podfile.lock\" \"${PODS_ROOT}/Manifest.lock\" > /dev/null\nif [ $? != 0 ] ; then\n    # print error to STDERR\n    echo \"error: The sandbox is not in sync with the Podfile.lock. Run 'pod install' or update your CocoaPods installation.\" >&2\n    exit 1\nfi\n# This output is used by Xcode 'outputs' to avoid re-running this script phase.\necho \"SUCCESS\" > \"${SCRIPT_OUTPUT_FILE_0}\"\n";
			showEnvVarsInLog = 0;
		};
		929ABC6499E85A301ECB4E76 /* [CP] Embed Pods Frameworks */ = {
			isa = PBXShellScriptBuildPhase;
			buildActionMask = 2147483647;
			files = (
			);
			inputFileListPaths = (
				"${PODS_ROOT}/Target Support Files/Pods-IntagramClone/Pods-IntagramClone-frameworks-${CONFIGURATION}-input-files.xcfilelist",
			);
			name = "[CP] Embed Pods Frameworks";
			outputFileListPaths = (
				"${PODS_ROOT}/Target Support Files/Pods-IntagramClone/Pods-IntagramClone-frameworks-${CONFIGURATION}-output-files.xcfilelist",
			);
			runOnlyForDeploymentPostprocessing = 0;
			shellPath = /bin/sh;
			shellScript = "\"${PODS_ROOT}/Target Support Files/Pods-IntagramClone/Pods-IntagramClone-frameworks.sh\"\n";
			showEnvVarsInLog = 0;
		};
/* End PBXShellScriptBuildPhase section */

/* Begin PBXSourcesBuildPhase section */
		D8CEC20225A3950C00FBE20C /* Sources */ = {
			isa = PBXSourcesBuildPhase;
			buildActionMask = 2147483647;
			files = (
				D89D602125BADC16007E32A2 /* SearchUserController.swift in Sources */,
				D876865725AB1E5300E8ADC1 /* LoginViewController.swift in Sources */,
				D89D602525BADF4A007E32A2 /* SearchUserCell.swift in Sources */,
				D8CEC20E25A3950C00FBE20C /* RegisterViewController.swift in Sources */,
				D8DF0D0125A9F24600BFE236 /* UserProfileHeader.swift in Sources */,
				D8DF0CFD25A9ECA100BFE236 /* UserProfileViewController.swift in Sources */,
				D862526925B04EC300C7F4B1 /* ImagePickerHeader.swift in Sources */,
				D86B164225B59B78003A95C6 /* Post.swift in Sources */,
				D862526625B049F000C7F4B1 /* PhotoPickerCell.swift in Sources */,
				D86B164925B5A6C8003A95C6 /* MainPageViewController.swift in Sources */,
				D8E59F4025AC55CE00815FF1 /* PhotoPickerController.swift in Sources */,
				D8CEC20A25A3950C00FBE20C /* AppDelegate.swift in Sources */,
				D862526C25B0562900C7F4B1 /* SharePhotoController.swift in Sources */,
				D86B164525B59DC9003A95C6 /* UserPostPhotoCell.swift in Sources */,
				D8E7B61325A9F690007F86CD /* User.swift in Sources */,
				D8DF0CFA25A9EBE000BFE236 /* MainTabBarController.swift in Sources */,
				D8CEC20C25A3950C00FBE20C /* SceneDelegate.swift in Sources */,
				D8CEC22025A39C1000FBE20C /* ColorExtension.swift in Sources */,
				D86B164D25B5A884003A95C6 /* MainPagePostCell.swift in Sources */,
			);
			runOnlyForDeploymentPostprocessing = 0;
		};
/* End PBXSourcesBuildPhase section */

/* Begin PBXVariantGroup section */
		D8CEC20F25A3950C00FBE20C /* Main.storyboard */ = {
			isa = PBXVariantGroup;
			children = (
				D8CEC21025A3950C00FBE20C /* Base */,
			);
			name = Main.storyboard;
			sourceTree = "<group>";
		};
		D8CEC21425A3950F00FBE20C /* LaunchScreen.storyboard */ = {
			isa = PBXVariantGroup;
			children = (
				D8CEC21525A3950F00FBE20C /* Base */,
			);
			name = LaunchScreen.storyboard;
			sourceTree = "<group>";
		};
/* End PBXVariantGroup section */

/* Begin XCBuildConfiguration section */
		D8CEC21825A3950F00FBE20C /* Debug */ = {
			isa = XCBuildConfiguration;
			buildSettings = {
				ALWAYS_SEARCH_USER_PATHS = NO;
				CLANG_ANALYZER_NONNULL = YES;
				CLANG_ANALYZER_NUMBER_OBJECT_CONVERSION = YES_AGGRESSIVE;
				CLANG_CXX_LANGUAGE_STANDARD = "gnu++14";
				CLANG_CXX_LIBRARY = "libc++";
				CLANG_ENABLE_MODULES = YES;
				CLANG_ENABLE_OBJC_ARC = YES;
				CLANG_ENABLE_OBJC_WEAK = YES;
				CLANG_WARN_BLOCK_CAPTURE_AUTORELEASING = YES;
				CLANG_WARN_BOOL_CONVERSION = YES;
				CLANG_WARN_COMMA = YES;
				CLANG_WARN_CONSTANT_CONVERSION = YES;
				CLANG_WARN_DEPRECATED_OBJC_IMPLEMENTATIONS = YES;
				CLANG_WARN_DIRECT_OBJC_ISA_USAGE = YES_ERROR;
				CLANG_WARN_DOCUMENTATION_COMMENTS = YES;
				CLANG_WARN_EMPTY_BODY = YES;
				CLANG_WARN_ENUM_CONVERSION = YES;
				CLANG_WARN_INFINITE_RECURSION = YES;
				CLANG_WARN_INT_CONVERSION = YES;
				CLANG_WARN_NON_LITERAL_NULL_CONVERSION = YES;
				CLANG_WARN_OBJC_IMPLICIT_RETAIN_SELF = YES;
				CLANG_WARN_OBJC_LITERAL_CONVERSION = YES;
				CLANG_WARN_OBJC_ROOT_CLASS = YES_ERROR;
				CLANG_WARN_QUOTED_INCLUDE_IN_FRAMEWORK_HEADER = YES;
				CLANG_WARN_RANGE_LOOP_ANALYSIS = YES;
				CLANG_WARN_STRICT_PROTOTYPES = YES;
				CLANG_WARN_SUSPICIOUS_MOVE = YES;
				CLANG_WARN_UNGUARDED_AVAILABILITY = YES_AGGRESSIVE;
				CLANG_WARN_UNREACHABLE_CODE = YES;
				CLANG_WARN__DUPLICATE_METHOD_MATCH = YES;
				COPY_PHASE_STRIP = NO;
				DEBUG_INFORMATION_FORMAT = dwarf;
				ENABLE_STRICT_OBJC_MSGSEND = YES;
				ENABLE_TESTABILITY = YES;
				GCC_C_LANGUAGE_STANDARD = gnu11;
				GCC_DYNAMIC_NO_PIC = NO;
				GCC_NO_COMMON_BLOCKS = YES;
				GCC_OPTIMIZATION_LEVEL = 0;
				GCC_PREPROCESSOR_DEFINITIONS = (
					"DEBUG=1",
					"$(inherited)",
				);
				GCC_WARN_64_TO_32_BIT_CONVERSION = YES;
				GCC_WARN_ABOUT_RETURN_TYPE = YES_ERROR;
				GCC_WARN_UNDECLARED_SELECTOR = YES;
				GCC_WARN_UNINITIALIZED_AUTOS = YES_AGGRESSIVE;
				GCC_WARN_UNUSED_FUNCTION = YES;
				GCC_WARN_UNUSED_VARIABLE = YES;
				IPHONEOS_DEPLOYMENT_TARGET = 14.3;
				MTL_ENABLE_DEBUG_INFO = INCLUDE_SOURCE;
				MTL_FAST_MATH = YES;
				ONLY_ACTIVE_ARCH = YES;
				SDKROOT = iphoneos;
				SWIFT_ACTIVE_COMPILATION_CONDITIONS = DEBUG;
				SWIFT_OPTIMIZATION_LEVEL = "-Onone";
			};
			name = Debug;
		};
		D8CEC21925A3950F00FBE20C /* Release */ = {
			isa = XCBuildConfiguration;
			buildSettings = {
				ALWAYS_SEARCH_USER_PATHS = NO;
				CLANG_ANALYZER_NONNULL = YES;
				CLANG_ANALYZER_NUMBER_OBJECT_CONVERSION = YES_AGGRESSIVE;
				CLANG_CXX_LANGUAGE_STANDARD = "gnu++14";
				CLANG_CXX_LIBRARY = "libc++";
				CLANG_ENABLE_MODULES = YES;
				CLANG_ENABLE_OBJC_ARC = YES;
				CLANG_ENABLE_OBJC_WEAK = YES;
				CLANG_WARN_BLOCK_CAPTURE_AUTORELEASING = YES;
				CLANG_WARN_BOOL_CONVERSION = YES;
				CLANG_WARN_COMMA = YES;
				CLANG_WARN_CONSTANT_CONVERSION = YES;
				CLANG_WARN_DEPRECATED_OBJC_IMPLEMENTATIONS = YES;
				CLANG_WARN_DIRECT_OBJC_ISA_USAGE = YES_ERROR;
				CLANG_WARN_DOCUMENTATION_COMMENTS = YES;
				CLANG_WARN_EMPTY_BODY = YES;
				CLANG_WARN_ENUM_CONVERSION = YES;
				CLANG_WARN_INFINITE_RECURSION = YES;
				CLANG_WARN_INT_CONVERSION = YES;
				CLANG_WARN_NON_LITERAL_NULL_CONVERSION = YES;
				CLANG_WARN_OBJC_IMPLICIT_RETAIN_SELF = YES;
				CLANG_WARN_OBJC_LITERAL_CONVERSION = YES;
				CLANG_WARN_OBJC_ROOT_CLASS = YES_ERROR;
				CLANG_WARN_QUOTED_INCLUDE_IN_FRAMEWORK_HEADER = YES;
				CLANG_WARN_RANGE_LOOP_ANALYSIS = YES;
				CLANG_WARN_STRICT_PROTOTYPES = YES;
				CLANG_WARN_SUSPICIOUS_MOVE = YES;
				CLANG_WARN_UNGUARDED_AVAILABILITY = YES_AGGRESSIVE;
				CLANG_WARN_UNREACHABLE_CODE = YES;
				CLANG_WARN__DUPLICATE_METHOD_MATCH = YES;
				COPY_PHASE_STRIP = NO;
				DEBUG_INFORMATION_FORMAT = "dwarf-with-dsym";
				ENABLE_NS_ASSERTIONS = NO;
				ENABLE_STRICT_OBJC_MSGSEND = YES;
				GCC_C_LANGUAGE_STANDARD = gnu11;
				GCC_NO_COMMON_BLOCKS = YES;
				GCC_WARN_64_TO_32_BIT_CONVERSION = YES;
				GCC_WARN_ABOUT_RETURN_TYPE = YES_ERROR;
				GCC_WARN_UNDECLARED_SELECTOR = YES;
				GCC_WARN_UNINITIALIZED_AUTOS = YES_AGGRESSIVE;
				GCC_WARN_UNUSED_FUNCTION = YES;
				GCC_WARN_UNUSED_VARIABLE = YES;
				IPHONEOS_DEPLOYMENT_TARGET = 14.3;
				MTL_ENABLE_DEBUG_INFO = NO;
				MTL_FAST_MATH = YES;
				SDKROOT = iphoneos;
				SWIFT_COMPILATION_MODE = wholemodule;
				SWIFT_OPTIMIZATION_LEVEL = "-O";
				VALIDATE_PRODUCT = YES;
			};
			name = Release;
		};
		D8CEC21B25A3950F00FBE20C /* Debug */ = {
			isa = XCBuildConfiguration;
			baseConfigurationReference = FF2E137FC11229626628AB25 /* Pods-IntagramClone.debug.xcconfig */;
			buildSettings = {
				ASSETCATALOG_COMPILER_APPICON_NAME = AppIcon;
				ASSETCATALOG_COMPILER_GLOBAL_ACCENT_COLOR_NAME = AccentColor;
				CODE_SIGN_STYLE = Automatic;
				DEVELOPMENT_TEAM = 6J6245LPWX;
				INFOPLIST_FILE = IntagramClone/Info.plist;
				LD_RUNPATH_SEARCH_PATHS = (
					"$(inherited)",
					"@executable_path/Frameworks",
				);
				PRODUCT_BUNDLE_IDENTIFIER = com.egehankarakose.IntagramClone;
				PRODUCT_NAME = "$(TARGET_NAME)";
				SWIFT_VERSION = 5.0;
				TARGETED_DEVICE_FAMILY = "1,2";
			};
			name = Debug;
		};
		D8CEC21C25A3950F00FBE20C /* Release */ = {
			isa = XCBuildConfiguration;
			baseConfigurationReference = 8CA80056D0BC8660668CDFDA /* Pods-IntagramClone.release.xcconfig */;
			buildSettings = {
				ASSETCATALOG_COMPILER_APPICON_NAME = AppIcon;
				ASSETCATALOG_COMPILER_GLOBAL_ACCENT_COLOR_NAME = AccentColor;
				CODE_SIGN_STYLE = Automatic;
				DEVELOPMENT_TEAM = 6J6245LPWX;
				INFOPLIST_FILE = IntagramClone/Info.plist;
				LD_RUNPATH_SEARCH_PATHS = (
					"$(inherited)",
					"@executable_path/Frameworks",
				);
				PRODUCT_BUNDLE_IDENTIFIER = com.egehankarakose.IntagramClone;
				PRODUCT_NAME = "$(TARGET_NAME)";
				SWIFT_VERSION = 5.0;
				TARGETED_DEVICE_FAMILY = "1,2";
			};
			name = Release;
		};
/* End XCBuildConfiguration section */

/* Begin XCConfigurationList section */
		D8CEC20125A3950C00FBE20C /* Build configuration list for PBXProject "IntagramClone" */ = {
			isa = XCConfigurationList;
			buildConfigurations = (
				D8CEC21825A3950F00FBE20C /* Debug */,
				D8CEC21925A3950F00FBE20C /* Release */,
			);
			defaultConfigurationIsVisible = 0;
			defaultConfigurationName = Release;
		};
		D8CEC21A25A3950F00FBE20C /* Build configuration list for PBXNativeTarget "IntagramClone" */ = {
			isa = XCConfigurationList;
			buildConfigurations = (
				D8CEC21B25A3950F00FBE20C /* Debug */,
				D8CEC21C25A3950F00FBE20C /* Release */,
			);
			defaultConfigurationIsVisible = 0;
			defaultConfigurationName = Release;
		};
/* End XCConfigurationList section */
	};
	rootObject = D8CEC1FE25A3950C00FBE20C /* Project object */;
}
